{
  "nodes": {
    "nixpkgs": {
      "locked": {
        "lastModified": 1675523619,
        "narHash": "sha256-jHvkAwkbAj1s0O5riHMghSDHh9iz8AwLTbXQuVQKQcg=",
        "owner": "nixos",
        "repo": "nixpkgs",
        "rev": "5a211d5e8d18b20b5a2b22157266cc00f8c4f3b9",
        "type": "github"
      },
      "original": {
        "owner": "nixos",
        "ref": "nixpkgs-unstable",
        "repo": "nixpkgs",
        "type": "github"
      }
    },
    "oisd": {
      "flake": false,
      "locked": {
        "lastModified": 1675558772,
        "narHash": "sha256-FAoxeiaFT/kOTAIgO8jYWU/+SIYifjhVE58ipjwdsPE=",
        "owner": "sjhgvr",
        "repo": "oisd",
        "rev": "489dc592a7e1bf169620b6c51e2de52bc562077f",
        "type": "github"
      },
      "original": {
        "owner": "sjhgvr",
        "repo": "oisd",
        "type": "github"
      }
    },
    "root": {
      "inputs": {
        "nixpkgs": "nixpkgs",
        "oisd": "oisd"
      }
    }
  },
  "root": "root",
  "version": 7
}
