{
  "nodes": {
    "nixpkgs": {
      "locked": {
        "lastModified": 1672428209,
        "narHash": "sha256-eejhqkDz2cb2vc5VeaWphJz8UXNuoNoM8/Op8eWv2tQ=",
        "owner": "nixos",
        "repo": "nixpkgs",
        "rev": "293a28df6d7ff3dec1e61e37cc4ee6e6c0fb0847",
        "type": "github"
      },
      "original": {
        "owner": "nixos",
        "ref": "nixpkgs-unstable",
        "repo": "nixpkgs",
        "type": "github"
      }
    },
    "oisd": {
      "flake": false,
      "locked": {
        "lastModified": 1672531927,
        "narHash": "sha256-u0RelBYDmxf7ncUQemQOnnNpB89uaIeYe28hAf4t1B4=",
        "owner": "sjhgvr",
        "repo": "oisd",
        "rev": "1954d5fd2949fffbb280f4d60c441588f4dc38c8",
        "type": "github"
      },
      "original": {
        "owner": "sjhgvr",
        "repo": "oisd",
        "type": "github"
      }
    },
    "root": {
      "inputs": {
        "nixpkgs": "nixpkgs",
        "oisd": "oisd"
      }
    }
  },
  "root": "root",
  "version": 7
}
